
Microsoft Visual Studio Solution File, Format Version 12.00
# Visual Studio Version 17
VisualStudioVersion = 17.0.32014.148
MinimumVisualStudioVersion = 10.0.40219.1
Project("{8BC9CEB8-8B4A-11D0-8D11-00A0C91BC942}") = "Virtualizer", "Virtualizer.vcxproj", "{F7558596-6580-43F5-A8C1-BEF58E7412DF}"
EndProject
Global
	GlobalSection(SolutionConfigurationPlatforms) = preSolution
		Debug|x64 = Debug|x64
		Release|x64 = Release|x64
	EndGlobalSection
	GlobalSection(ProjectConfigurationPlatforms) = postSolution
		{F7558596-6580-43F5-A8C1-BEF58E7412DF}.Debug|x64.ActiveCfg = Debug|x64
		{F7558596-6580-43F5-A8C1-BEF58E7412DF}.Debug|x64.Build.0 = Debug|x64
		{F7558596-6580-43F5-A8C1-BEF58E7412DF}.Release|x64.ActiveCfg = Release|x64
		{F7558596-6580-43F5-A8C1-BEF58E7412DF}.Release|x64.Build.0 = Release|x64
	EndGlobalSection
	GlobalSection(SolutionProperties) = preSolution
		HideSolutionNode = FALSE
	EndGlobalSection
	GlobalSection(ExtensibilityGlobals) = postSolution
		SolutionGuid = {2A93C0C8-30CC-4FC3-A7A8-63AD87F1E39F}
	EndGlobalSection
EndGlobal
